
Microsoft Visual Studio Solution File, Format Version 12.00
# Visual Studio Version 17
VisualStudioVersion = 17.1.32210.238
MinimumVisualStudioVersion = 10.0.40219.1
Project("{FAE04EC0-301F-11D3-BF4B-00C04F79EFBC}") = "BinaryTreeSearch", "BinaryTreeSearch\BinaryTreeSearch.csproj", "{7E8C207F-A4BD-4C34-9D62-155A31E63312}"
EndProject
Global
	GlobalSection(SolutionConfigurationPlatforms) = preSolution
		Debug|Any CPU = Debug|Any CPU
		Release|Any CPU = Release|Any CPU
	EndGlobalSection
	GlobalSection(ProjectConfigurationPlatforms) = postSolution
		{7E8C207F-A4BD-4C34-9D62-155A31E63312}.Debug|Any CPU.ActiveCfg = Debug|Any CPU
		{7E8C207F-A4BD-4C34-9D62-155A31E63312}.Debug|Any CPU.Build.0 = Debug|Any CPU
		{7E8C207F-A4BD-4C34-9D62-155A31E63312}.Release|Any CPU.ActiveCfg = Release|Any CPU
		{7E8C207F-A4BD-4C34-9D62-155A31E63312}.Release|Any CPU.Build.0 = Release|Any CPU
	EndGlobalSection
	GlobalSection(SolutionProperties) = preSolution
		HideSolutionNode = FALSE
	EndGlobalSection
	GlobalSection(ExtensibilityGlobals) = postSolution
		SolutionGuid = {C463D5DA-D632-426F-8E92-F219856F7FAF}
	EndGlobalSection
EndGlobal
